
Microsoft Visual Studio Solution File, Format Version 12.00
# Visual Studio Version 16
VisualStudioVersion = 16.0.32510.428
MinimumVisualStudioVersion = 10.0.40219.1
Project("{FAE04EC0-301F-11D3-BF4B-00C04F79EFBC}") = "ContactBook", "ContactBook\ContactBook.csproj", "{5E9D6E41-00AC-4610-AB2E-D0EEE6B7AD8A}"
EndProject
Global
	GlobalSection(SolutionConfigurationPlatforms) = preSolution
		Debug|Any CPU = Debug|Any CPU
		Release|Any CPU = Release|Any CPU
	EndGlobalSection
	GlobalSection(ProjectConfigurationPlatforms) = postSolution
		{5E9D6E41-00AC-4610-AB2E-D0EEE6B7AD8A}.Debug|Any CPU.ActiveCfg = Debug|Any CPU
		{5E9D6E41-00AC-4610-AB2E-D0EEE6B7AD8A}.Debug|Any CPU.Build.0 = Debug|Any CPU
		{5E9D6E41-00AC-4610-AB2E-D0EEE6B7AD8A}.Release|Any CPU.ActiveCfg = Release|Any CPU
		{5E9D6E41-00AC-4610-AB2E-D0EEE6B7AD8A}.Release|Any CPU.Build.0 = Release|Any CPU
	EndGlobalSection
	GlobalSection(SolutionProperties) = preSolution
		HideSolutionNode = FALSE
	EndGlobalSection
	GlobalSection(ExtensibilityGlobals) = postSolution
		SolutionGuid = {F5108052-D25F-4E38-A7B2-86DBECEEDBB3}
	EndGlobalSection
EndGlobal
